
Microsoft Visual Studio Solution File, Format Version 12.00
# Visual Studio 14
VisualStudioVersion = 14.0.23107.0
MinimumVisualStudioVersion = 10.0.40219.1
Project("{FAE04EC0-301F-11D3-BF4B-00C04F79EFBC}") = "Testity.EngineServices", "src\Testity.EngineServices\Testity.EngineServices.csproj", "{2F8FECF5-58D4-4019-9030-A7DDFA8D28AD}"
EndProject
Project("{FAE04EC0-301F-11D3-BF4B-00C04F79EFBC}") = "Testity.EngineComponents", "src\Testity.EngineComponents\Testity.EngineComponents.csproj", "{91DC280A-82BB-4C6C-8154-44B997123879}"
EndProject
Project("{2150E333-8FDC-42A3-9474-1A3956D46DE8}") = "src", "src", "{2417FD8E-AA3C-4B92-B267-9C6D1B3BEE97}"
EndProject
Project("{2150E333-8FDC-42A3-9474-1A3956D46DE8}") = "tests", "tests", "{76FA185F-7DB5-4675-8CB9-03838B9B628D}"
EndProject
Project("{FAE04EC0-301F-11D3-BF4B-00C04F79EFBC}") = "Testity.EngineServices.Tests", "tests\Testity.EngineServices.Tests\Testity.EngineServices.Tests.csproj", "{197D5F83-C4F9-4D18-8A24-849E083881F8}"
EndProject
Project("{FAE04EC0-301F-11D3-BF4B-00C04F79EFBC}") = "Testity.EngineComponents.Tests", "tests\Testity.EngineComponents.Tests\Testity.EngineComponents.Tests.csproj", "{3FD0FE00-CB6A-4730-9FFB-753CFCB4A5DC}"
EndProject
Project("{FAE04EC0-301F-11D3-BF4B-00C04F79EFBC}") = "Testity.EngineMath", "src\Testity.EngineMath\Testity.EngineMath.csproj", "{D1CB2AF4-210C-48A6-AB75-491B824D25EF}"
EndProject
Project("{FAE04EC0-301F-11D3-BF4B-00C04F79EFBC}") = "Testity.EngineMath.Tests", "tests\Testity.EngineMath.Tests\Testity.EngineMath.Tests.csproj", "{6597F436-C412-4D3B-BC92-45668476D488}"
EndProject
Project("{2150E333-8FDC-42A3-9474-1A3956D46DE8}") = "Math", "Math", "{0418814B-0AE6-4B44-8BFF-AD12F6E93B6C}"
EndProject
Project("{FAE04EC0-301F-11D3-BF4B-00C04F79EFBC}") = "Testity.EngineMath.Unity3D.AcceptanceTests", "tests\Testity.EngineMath.Unity3D.AcceptanceTests\Testity.EngineMath.Unity3D.AcceptanceTests.csproj", "{563184CE-973C-4E79-85B2-E9FF6F7188B6}"
EndProject
Project("{2150E333-8FDC-42A3-9474-1A3956D46DE8}") = "Concrete EngineServices", "Concrete EngineServices", "{6BB3781C-2998-4B7D-9B69-0C5F124EFE98}"
EndProject
Project("{FAE04EC0-301F-11D3-BF4B-00C04F79EFBC}") = "Testity.EngineServices.Unity3D", "src\Testity.EngineServices.Unity3D\Testity.EngineServices.Unity3D.csproj", "{88E45448-5F11-4D6E-B60B-2BADF1E2901C}"
EndProject
Global
	GlobalSection(SolutionConfigurationPlatforms) = preSolution
		Debug|Any CPU = Debug|Any CPU
		Release|Any CPU = Release|Any CPU
	EndGlobalSection
	GlobalSection(ProjectConfigurationPlatforms) = postSolution
		{2F8FECF5-58D4-4019-9030-A7DDFA8D28AD}.Debug|Any CPU.ActiveCfg = Debug|Any CPU
		{2F8FECF5-58D4-4019-9030-A7DDFA8D28AD}.Debug|Any CPU.Build.0 = Debug|Any CPU
		{2F8FECF5-58D4-4019-9030-A7DDFA8D28AD}.Release|Any CPU.ActiveCfg = Release|Any CPU
		{2F8FECF5-58D4-4019-9030-A7DDFA8D28AD}.Release|Any CPU.Build.0 = Release|Any CPU
		{91DC280A-82BB-4C6C-8154-44B997123879}.Debug|Any CPU.ActiveCfg = Debug|Any CPU
		{91DC280A-82BB-4C6C-8154-44B997123879}.Debug|Any CPU.Build.0 = Debug|Any CPU
		{91DC280A-82BB-4C6C-8154-44B997123879}.Release|Any CPU.ActiveCfg = Release|Any CPU
		{91DC280A-82BB-4C6C-8154-44B997123879}.Release|Any CPU.Build.0 = Release|Any CPU
		{197D5F83-C4F9-4D18-8A24-849E083881F8}.Debug|Any CPU.ActiveCfg = Debug|Any CPU
		{197D5F83-C4F9-4D18-8A24-849E083881F8}.Debug|Any CPU.Build.0 = Debug|Any CPU
		{197D5F83-C4F9-4D18-8A24-849E083881F8}.Release|Any CPU.ActiveCfg = Release|Any CPU
		{197D5F83-C4F9-4D18-8A24-849E083881F8}.Release|Any CPU.Build.0 = Release|Any CPU
		{3FD0FE00-CB6A-4730-9FFB-753CFCB4A5DC}.Debug|Any CPU.ActiveCfg = Debug|Any CPU
		{3FD0FE00-CB6A-4730-9FFB-753CFCB4A5DC}.Debug|Any CPU.Build.0 = Debug|Any CPU
		{3FD0FE00-CB6A-4730-9FFB-753CFCB4A5DC}.Release|Any CPU.ActiveCfg = Release|Any CPU
		{3FD0FE00-CB6A-4730-9FFB-753CFCB4A5DC}.Release|Any CPU.Build.0 = Release|Any CPU
		{D1CB2AF4-210C-48A6-AB75-491B824D25EF}.Debug|Any CPU.ActiveCfg = Debug|Any CPU
		{D1CB2AF4-210C-48A6-AB75-491B824D25EF}.Debug|Any CPU.Build.0 = Debug|Any CPU
		{D1CB2AF4-210C-48A6-AB75-491B824D25EF}.Release|Any CPU.ActiveCfg = Release|Any CPU
		{D1CB2AF4-210C-48A6-AB75-491B824D25EF}.Release|Any CPU.Build.0 = Release|Any CPU
		{6597F436-C412-4D3B-BC92-45668476D488}.Debug|Any CPU.ActiveCfg = Debug|Any CPU
		{6597F436-C412-4D3B-BC92-45668476D488}.Debug|Any CPU.Build.0 = Debug|Any CPU
		{6597F436-C412-4D3B-BC92-45668476D488}.Release|Any CPU.ActiveCfg = Release|Any CPU
		{6597F436-C412-4D3B-BC92-45668476D488}.Release|Any CPU.Build.0 = Release|Any CPU
		{563184CE-973C-4E79-85B2-E9FF6F7188B6}.Debug|Any CPU.ActiveCfg = Debug|Any CPU
		{563184CE-973C-4E79-85B2-E9FF6F7188B6}.Debug|Any CPU.Build.0 = Debug|Any CPU
		{563184CE-973C-4E79-85B2-E9FF6F7188B6}.Release|Any CPU.ActiveCfg = Release|Any CPU
		{563184CE-973C-4E79-85B2-E9FF6F7188B6}.Release|Any CPU.Build.0 = Release|Any CPU
		{88E45448-5F11-4D6E-B60B-2BADF1E2901C}.Debug|Any CPU.ActiveCfg = Debug|Any CPU
		{88E45448-5F11-4D6E-B60B-2BADF1E2901C}.Debug|Any CPU.Build.0 = Debug|Any CPU
		{88E45448-5F11-4D6E-B60B-2BADF1E2901C}.Release|Any CPU.ActiveCfg = Release|Any CPU
		{88E45448-5F11-4D6E-B60B-2BADF1E2901C}.Release|Any CPU.Build.0 = Release|Any CPU
	EndGlobalSection
	GlobalSection(SolutionProperties) = preSolution
		HideSolutionNode = FALSE
	EndGlobalSection
	GlobalSection(NestedProjects) = preSolution
		{2F8FECF5-58D4-4019-9030-A7DDFA8D28AD} = {2417FD8E-AA3C-4B92-B267-9C6D1B3BEE97}
		{91DC280A-82BB-4C6C-8154-44B997123879} = {2417FD8E-AA3C-4B92-B267-9C6D1B3BEE97}
		{197D5F83-C4F9-4D18-8A24-849E083881F8} = {76FA185F-7DB5-4675-8CB9-03838B9B628D}
		{3FD0FE00-CB6A-4730-9FFB-753CFCB4A5DC} = {76FA185F-7DB5-4675-8CB9-03838B9B628D}
		{D1CB2AF4-210C-48A6-AB75-491B824D25EF} = {2417FD8E-AA3C-4B92-B267-9C6D1B3BEE97}
		{6597F436-C412-4D3B-BC92-45668476D488} = {0418814B-0AE6-4B44-8BFF-AD12F6E93B6C}
		{0418814B-0AE6-4B44-8BFF-AD12F6E93B6C} = {76FA185F-7DB5-4675-8CB9-03838B9B628D}
		{563184CE-973C-4E79-85B2-E9FF6F7188B6} = {0418814B-0AE6-4B44-8BFF-AD12F6E93B6C}
		{6BB3781C-2998-4B7D-9B69-0C5F124EFE98} = {2417FD8E-AA3C-4B92-B267-9C6D1B3BEE97}
		{88E45448-5F11-4D6E-B60B-2BADF1E2901C} = {6BB3781C-2998-4B7D-9B69-0C5F124EFE98}
	EndGlobalSection
EndGlobal
